
Microsoft Visual Studio Solution File, Format Version 12.00
# Visual Studio Version 17
VisualStudioVersion = 17.6.33829.357
MinimumVisualStudioVersion = 10.0.40219.1
Project("{FAE04EC0-301F-11D3-BF4B-00C04F79EFBC}") = "InvoiceWeb", "InvoiceWeb\InvoiceWeb.csproj", "{87C60E38-0500-426C-9713-85A6308DFA22}"
EndProject
Global
	GlobalSection(SolutionConfigurationPlatforms) = preSolution
		Debug|Any CPU = Debug|Any CPU
		Release|Any CPU = Release|Any CPU
	EndGlobalSection
	GlobalSection(ProjectConfigurationPlatforms) = postSolution
		{87C60E38-0500-426C-9713-85A6308DFA22}.Debug|Any CPU.ActiveCfg = Debug|Any CPU
		{87C60E38-0500-426C-9713-85A6308DFA22}.Debug|Any CPU.Build.0 = Debug|Any CPU
		{87C60E38-0500-426C-9713-85A6308DFA22}.Release|Any CPU.ActiveCfg = Release|Any CPU
		{87C60E38-0500-426C-9713-85A6308DFA22}.Release|Any CPU.Build.0 = Release|Any CPU
	EndGlobalSection
	GlobalSection(SolutionProperties) = preSolution
		HideSolutionNode = FALSE
	EndGlobalSection
	GlobalSection(ExtensibilityGlobals) = postSolution
		SolutionGuid = {33D3430C-6257-4DD2-AA4B-4EE897488B80}
	EndGlobalSection
EndGlobal
